github.com/gielvandanu/go-say-hello v1.0.0 h1:vnseCR0BczUpGJz1ahqZrBY/PMEJ+WIQIroq9l03YWs=
github.com/gielvandanu/go-say-hello v1.0.0/go.mod h1:Z/rQ1TlTvdZwRAW0II5tczT7Je6BN03DYnL8njz7f8I=
github.com/gielvandanu/go-say-hello v1.5.0 h1:lGCmzAddP5WAMdm1buK6vJ2QbePD5rwOayUBokSj8XM=
github.com/gielvandanu/go-say-hello v1.5.0/go.mod h1:Z/rQ1TlTvdZwRAW0II5tczT7Je6BN03DYnL8njz7f8I=
